
Microsoft Visual Studio Solution File, Format Version 12.00
# Visual Studio 15
VisualStudioVersion = 15.0.28307.489
MinimumVisualStudioVersion = 10.0.40219.1
Project("{FAE04EC0-301F-11D3-BF4B-00C04F79EFBC}") = "GaussSimple", "GaussSimple\GaussSimple.csproj", "{698CA04A-5E28-45CC-81B1-0781F0AE816A}"
EndProject
Global
	GlobalSection(SolutionConfigurationPlatforms) = preSolution
		Debug|Any CPU = Debug|Any CPU
		Release|Any CPU = Release|Any CPU
	EndGlobalSection
	GlobalSection(ProjectConfigurationPlatforms) = postSolution
		{698CA04A-5E28-45CC-81B1-0781F0AE816A}.Debug|Any CPU.ActiveCfg = Debug|Any CPU
		{698CA04A-5E28-45CC-81B1-0781F0AE816A}.Debug|Any CPU.Build.0 = Debug|Any CPU
		{698CA04A-5E28-45CC-81B1-0781F0AE816A}.Release|Any CPU.ActiveCfg = Release|Any CPU
		{698CA04A-5E28-45CC-81B1-0781F0AE816A}.Release|Any CPU.Build.0 = Release|Any CPU
	EndGlobalSection
	GlobalSection(SolutionProperties) = preSolution
		HideSolutionNode = FALSE
	EndGlobalSection
	GlobalSection(ExtensibilityGlobals) = postSolution
		SolutionGuid = {BE48FEF8-3334-4FDC-9391-252F8ED2606D}
	EndGlobalSection
EndGlobal
